
Microsoft Visual Studio Solution File, Format Version 12.00
# Visual Studio Version 17
VisualStudioVersion = 17.9.34728.123
MinimumVisualStudioVersion = 10.0.40219.1
Project("{FAE04EC0-301F-11D3-BF4B-00C04F79EFBC}") = "GenCertificate", "GenCertificate\GenCertificate.csproj", "{6DB207DD-2E62-4583-A40A-3F1B092F9DEE}"
EndProject
Global
	GlobalSection(SolutionConfigurationPlatforms) = preSolution
		Debug|Any CPU = Debug|Any CPU
		Release|Any CPU = Release|Any CPU
	EndGlobalSection
	GlobalSection(ProjectConfigurationPlatforms) = postSolution
		{6DB207DD-2E62-4583-A40A-3F1B092F9DEE}.Debug|Any CPU.ActiveCfg = Debug|Any CPU
		{6DB207DD-2E62-4583-A40A-3F1B092F9DEE}.Debug|Any CPU.Build.0 = Debug|Any CPU
		{6DB207DD-2E62-4583-A40A-3F1B092F9DEE}.Release|Any CPU.ActiveCfg = Release|Any CPU
		{6DB207DD-2E62-4583-A40A-3F1B092F9DEE}.Release|Any CPU.Build.0 = Release|Any CPU
	EndGlobalSection
	GlobalSection(SolutionProperties) = preSolution
		HideSolutionNode = FALSE
	EndGlobalSection
	GlobalSection(ExtensibilityGlobals) = postSolution
		SolutionGuid = {F1A53285-4EF0-4BC9-827B-86DB8FEEBB58}
	EndGlobalSection
EndGlobal
